
Microsoft Visual Studio Solution File, Format Version 12.00
# Visual Studio Version 17
VisualStudioVersion = 17.12.35707.178 d17.12
MinimumVisualStudioVersion = 10.0.40219.1
Project("{FAE04EC0-301F-11D3-BF4B-00C04F79EFBC}") = "Demo.Pl", "Demo.Pl\Demo.Pl.csproj", "{CC087186-2C82-4D13-8060-46A02E3208E2}"
EndProject
Project("{FAE04EC0-301F-11D3-BF4B-00C04F79EFBC}") = "Demo.BLL", "Demo.BLL\Demo.BLL.csproj", "{0F49BEFE-CA4B-4ECE-AF8C-5A5DE912F5E0}"
EndProject
Project("{FAE04EC0-301F-11D3-BF4B-00C04F79EFBC}") = "Demo.DAL", "Demo.DAL\Demo.DAL.csproj", "{4210C6B9-9708-4753-B343-6D6262E96363}"
EndProject
Global
	GlobalSection(SolutionConfigurationPlatforms) = preSolution
		Debug|Any CPU = Debug|Any CPU
		Release|Any CPU = Release|Any CPU
	EndGlobalSection
	GlobalSection(ProjectConfigurationPlatforms) = postSolution
		{CC087186-2C82-4D13-8060-46A02E3208E2}.Debug|Any CPU.ActiveCfg = Debug|Any CPU
		{CC087186-2C82-4D13-8060-46A02E3208E2}.Debug|Any CPU.Build.0 = Debug|Any CPU
		{CC087186-2C82-4D13-8060-46A02E3208E2}.Release|Any CPU.ActiveCfg = Release|Any CPU
		{CC087186-2C82-4D13-8060-46A02E3208E2}.Release|Any CPU.Build.0 = Release|Any CPU
		{0F49BEFE-CA4B-4ECE-AF8C-5A5DE912F5E0}.Debug|Any CPU.ActiveCfg = Debug|Any CPU
		{0F49BEFE-CA4B-4ECE-AF8C-5A5DE912F5E0}.Debug|Any CPU.Build.0 = Debug|Any CPU
		{0F49BEFE-CA4B-4ECE-AF8C-5A5DE912F5E0}.Release|Any CPU.ActiveCfg = Release|Any CPU
		{0F49BEFE-CA4B-4ECE-AF8C-5A5DE912F5E0}.Release|Any CPU.Build.0 = Release|Any CPU
		{4210C6B9-9708-4753-B343-6D6262E96363}.Debug|Any CPU.ActiveCfg = Debug|Any CPU
		{4210C6B9-9708-4753-B343-6D6262E96363}.Debug|Any CPU.Build.0 = Debug|Any CPU
		{4210C6B9-9708-4753-B343-6D6262E96363}.Release|Any CPU.ActiveCfg = Release|Any CPU
		{4210C6B9-9708-4753-B343-6D6262E96363}.Release|Any CPU.Build.0 = Release|Any CPU
	EndGlobalSection
	GlobalSection(SolutionProperties) = preSolution
		HideSolutionNode = FALSE
	EndGlobalSection
EndGlobal
